
Microsoft Visual Studio Solution File, Format Version 12.00
# Visual Studio Version 17
VisualStudioVersion = 17.2.32505.173
MinimumVisualStudioVersion = 10.0.40219.1
Project("{2150E333-8FDC-42A3-9474-1A3956D46DE8}") = "Solution Items", "Solution Items", "{86F407CD-9937-4ACD-AF63-FC1429BF3348}"
	ProjectSection(SolutionItems) = preProject
		.gitlab-ci.yml = .gitlab-ci.yml
	EndProjectSection
EndProject
Project("{E53339B2-1760-4266-BCC7-CA923CBCF16C}") = "docker-compose", "docker-compose.dcproj", "{C018E688-0A5B-4D89-9A6D-FE9C9950DAA8}"
EndProject
Project("{FAE04EC0-301F-11D3-BF4B-00C04F79EFBC}") = "App", "App\App.csproj", "{6938F83E-BBDF-4473-931C-BB7B5BD3B6FC}"
EndProject
Global
	GlobalSection(SolutionConfigurationPlatforms) = preSolution
		Debug|Any CPU = Debug|Any CPU
		Release|Any CPU = Release|Any CPU
	EndGlobalSection
	GlobalSection(ProjectConfigurationPlatforms) = postSolution
		{C018E688-0A5B-4D89-9A6D-FE9C9950DAA8}.Debug|Any CPU.ActiveCfg = Debug|Any CPU
		{C018E688-0A5B-4D89-9A6D-FE9C9950DAA8}.Debug|Any CPU.Build.0 = Debug|Any CPU
		{C018E688-0A5B-4D89-9A6D-FE9C9950DAA8}.Release|Any CPU.ActiveCfg = Release|Any CPU
		{C018E688-0A5B-4D89-9A6D-FE9C9950DAA8}.Release|Any CPU.Build.0 = Release|Any CPU
		{6938F83E-BBDF-4473-931C-BB7B5BD3B6FC}.Debug|Any CPU.ActiveCfg = Debug|Any CPU
		{6938F83E-BBDF-4473-931C-BB7B5BD3B6FC}.Debug|Any CPU.Build.0 = Debug|Any CPU
		{6938F83E-BBDF-4473-931C-BB7B5BD3B6FC}.Release|Any CPU.ActiveCfg = Release|Any CPU
		{6938F83E-BBDF-4473-931C-BB7B5BD3B6FC}.Release|Any CPU.Build.0 = Release|Any CPU
	EndGlobalSection
	GlobalSection(SolutionProperties) = preSolution
		HideSolutionNode = FALSE
	EndGlobalSection
	GlobalSection(NestedProjects) = preSolution
		{C018E688-0A5B-4D89-9A6D-FE9C9950DAA8} = {86F407CD-9937-4ACD-AF63-FC1429BF3348}
	EndGlobalSection
	GlobalSection(ExtensibilityGlobals) = postSolution
		SolutionGuid = {AD751846-7D9B-4BDC-AE64-E2FF4A4B4E6B}
	EndGlobalSection
EndGlobal
